
Microsoft Visual Studio Solution File, Format Version 12.00
# Visual Studio 14
VisualStudioVersion = 14.0.24720.0
MinimumVisualStudioVersion = 10.0.40219.1
Project("{FAE04EC0-301F-11D3-BF4B-00C04F79EFBC}") = "BabyPuncher.OriginGameLauncher.UI", "BabyPuncher.OriginGameLauncher.UI\BabyPuncher.OriginGameLauncher.UI.csproj", "{F23EFB64-056D-4025-B2FB-363E0000AA3B}"
EndProject
Project("{FAE04EC0-301F-11D3-BF4B-00C04F79EFBC}") = "BabyPuncher.OriginGameLauncher.ManagedOrigin", "BabyPuncher.OriginGameLauncher.ManagedOrigin\BabyPuncher.OriginGameLauncher.ManagedOrigin.csproj", "{847F8FFE-B578-429A-AF0D-09D14C9F207B}"
EndProject
Global
	GlobalSection(SolutionConfigurationPlatforms) = preSolution
		Debug|Any CPU = Debug|Any CPU
		Release|Any CPU = Release|Any CPU
	EndGlobalSection
	GlobalSection(ProjectConfigurationPlatforms) = postSolution
		{F23EFB64-056D-4025-B2FB-363E0000AA3B}.Debug|Any CPU.ActiveCfg = Debug|Any CPU
		{F23EFB64-056D-4025-B2FB-363E0000AA3B}.Debug|Any CPU.Build.0 = Debug|Any CPU
		{F23EFB64-056D-4025-B2FB-363E0000AA3B}.Release|Any CPU.ActiveCfg = Release|Any CPU
		{F23EFB64-056D-4025-B2FB-363E0000AA3B}.Release|Any CPU.Build.0 = Release|Any CPU
		{847F8FFE-B578-429A-AF0D-09D14C9F207B}.Debug|Any CPU.ActiveCfg = Debug|Any CPU
		{847F8FFE-B578-429A-AF0D-09D14C9F207B}.Debug|Any CPU.Build.0 = Debug|Any CPU
		{847F8FFE-B578-429A-AF0D-09D14C9F207B}.Release|Any CPU.ActiveCfg = Release|Any CPU
		{847F8FFE-B578-429A-AF0D-09D14C9F207B}.Release|Any CPU.Build.0 = Release|Any CPU
	EndGlobalSection
	GlobalSection(SolutionProperties) = preSolution
		HideSolutionNode = FALSE
	EndGlobalSection
EndGlobal
